
Microsoft Visual Studio Solution File, Format Version 12.00
# Visual Studio 14
VisualStudioVersion = 14.0.24720.0
MinimumVisualStudioVersion = 10.0.40219.1
Project("{FAE04EC0-301F-11D3-BF4B-00C04F79EFBC}") = "ServiceApplication", "ServiceApplication\ServiceApplication.csproj", "{DBB45675-D296-43BE-85ED-A05E8DE614E8}"
EndProject
Project("{FAE04EC0-301F-11D3-BF4B-00C04F79EFBC}") = "ServiceLibrary", "MyServiceLibrary\ServiceLibrary.csproj", "{83615058-2919-4CA9-84C2-5368CEF9F281}"
EndProject
Project("{FAE04EC0-301F-11D3-BF4B-00C04F79EFBC}") = "ServiceLibrary.Tests", "MyServiceLibrary.Tests\ServiceLibrary.Tests.csproj", "{8EDF4429-251A-416D-BB68-93F227191BCF}"
EndProject
Project("{FAE04EC0-301F-11D3-BF4B-00C04F79EFBC}") = "AppServiceConfiguration", "AppServiceConfiguration\AppServiceConfiguration.csproj", "{EAD7270B-CCC1-4E3D-A11D-ADEABEB3FE6D}"
EndProject
Project("{FAE04EC0-301F-11D3-BF4B-00C04F79EFBC}") = "ServiceManager", "ServiceManager\ServiceManager.csproj", "{67F264A6-E748-49DF-8F42-752B7464804A}"
EndProject
Project("{FAE04EC0-301F-11D3-BF4B-00C04F79EFBC}") = "ServiceTcpComunication", "ServiceTcpComunication\ServiceTcpComunication.csproj", "{CC56EC66-AD16-4E30-B7F9-FF7BF8C4B8F0}"
EndProject
Global
	GlobalSection(SolutionConfigurationPlatforms) = preSolution
		Debug|Any CPU = Debug|Any CPU
		Release|Any CPU = Release|Any CPU
	EndGlobalSection
	GlobalSection(ProjectConfigurationPlatforms) = postSolution
		{DBB45675-D296-43BE-85ED-A05E8DE614E8}.Debug|Any CPU.ActiveCfg = Debug|Any CPU
		{DBB45675-D296-43BE-85ED-A05E8DE614E8}.Debug|Any CPU.Build.0 = Debug|Any CPU
		{DBB45675-D296-43BE-85ED-A05E8DE614E8}.Release|Any CPU.ActiveCfg = Release|Any CPU
		{DBB45675-D296-43BE-85ED-A05E8DE614E8}.Release|Any CPU.Build.0 = Release|Any CPU
		{83615058-2919-4CA9-84C2-5368CEF9F281}.Debug|Any CPU.ActiveCfg = Debug|Any CPU
		{83615058-2919-4CA9-84C2-5368CEF9F281}.Debug|Any CPU.Build.0 = Debug|Any CPU
		{83615058-2919-4CA9-84C2-5368CEF9F281}.Release|Any CPU.ActiveCfg = Release|Any CPU
		{83615058-2919-4CA9-84C2-5368CEF9F281}.Release|Any CPU.Build.0 = Release|Any CPU
		{8EDF4429-251A-416D-BB68-93F227191BCF}.Debug|Any CPU.ActiveCfg = Debug|Any CPU
		{8EDF4429-251A-416D-BB68-93F227191BCF}.Debug|Any CPU.Build.0 = Debug|Any CPU
		{8EDF4429-251A-416D-BB68-93F227191BCF}.Release|Any CPU.ActiveCfg = Release|Any CPU
		{8EDF4429-251A-416D-BB68-93F227191BCF}.Release|Any CPU.Build.0 = Release|Any CPU
		{EAD7270B-CCC1-4E3D-A11D-ADEABEB3FE6D}.Debug|Any CPU.ActiveCfg = Debug|Any CPU
		{EAD7270B-CCC1-4E3D-A11D-ADEABEB3FE6D}.Debug|Any CPU.Build.0 = Debug|Any CPU
		{EAD7270B-CCC1-4E3D-A11D-ADEABEB3FE6D}.Release|Any CPU.ActiveCfg = Release|Any CPU
		{EAD7270B-CCC1-4E3D-A11D-ADEABEB3FE6D}.Release|Any CPU.Build.0 = Release|Any CPU
		{67F264A6-E748-49DF-8F42-752B7464804A}.Debug|Any CPU.ActiveCfg = Debug|Any CPU
		{67F264A6-E748-49DF-8F42-752B7464804A}.Debug|Any CPU.Build.0 = Debug|Any CPU
		{67F264A6-E748-49DF-8F42-752B7464804A}.Release|Any CPU.ActiveCfg = Release|Any CPU
		{67F264A6-E748-49DF-8F42-752B7464804A}.Release|Any CPU.Build.0 = Release|Any CPU
		{CC56EC66-AD16-4E30-B7F9-FF7BF8C4B8F0}.Debug|Any CPU.ActiveCfg = Debug|Any CPU
		{CC56EC66-AD16-4E30-B7F9-FF7BF8C4B8F0}.Debug|Any CPU.Build.0 = Debug|Any CPU
		{CC56EC66-AD16-4E30-B7F9-FF7BF8C4B8F0}.Release|Any CPU.ActiveCfg = Release|Any CPU
		{CC56EC66-AD16-4E30-B7F9-FF7BF8C4B8F0}.Release|Any CPU.Build.0 = Release|Any CPU
	EndGlobalSection
	GlobalSection(SolutionProperties) = preSolution
		HideSolutionNode = FALSE
	EndGlobalSection
EndGlobal
